
Microsoft Visual Studio Solution File, Format Version 12.00
# Visual Studio Version 16
VisualStudioVersion = 16.0.29613.14
MinimumVisualStudioVersion = 10.0.40219.1
Project("{FAE04EC0-301F-11D3-BF4B-00C04F79EFBC}") = "GateWay", "GateWay\GateWay.csproj", "{80EDE1D4-5BFF-4919-ADCB-FC585866E0AE}"
EndProject
Global
	GlobalSection(SolutionConfigurationPlatforms) = preSolution
		Debug|Any CPU = Debug|Any CPU
		Release|Any CPU = Release|Any CPU
	EndGlobalSection
	GlobalSection(ProjectConfigurationPlatforms) = postSolution
		{80EDE1D4-5BFF-4919-ADCB-FC585866E0AE}.Debug|Any CPU.ActiveCfg = Debug|Any CPU
		{80EDE1D4-5BFF-4919-ADCB-FC585866E0AE}.Debug|Any CPU.Build.0 = Debug|Any CPU
		{80EDE1D4-5BFF-4919-ADCB-FC585866E0AE}.Release|Any CPU.ActiveCfg = Release|Any CPU
		{80EDE1D4-5BFF-4919-ADCB-FC585866E0AE}.Release|Any CPU.Build.0 = Release|Any CPU
	EndGlobalSection
	GlobalSection(SolutionProperties) = preSolution
		HideSolutionNode = FALSE
	EndGlobalSection
	GlobalSection(ExtensibilityGlobals) = postSolution
		SolutionGuid = {DABBEFAF-EDC3-4AD5-AF52-ADA82E98F2F2}
	EndGlobalSection
EndGlobal
